github.com/seancfoley/bintree v1.3.1 h1:cqmmQK7Jm4aw8gna0bP+huu5leVOgHGSJBEpUx3EXGI=
github.com/seancfoley/bintree v1.3.1/go.mod h1:hIUabL8OFYyFVTQ6azeajbopogQc2l5C/hiXMcemWNU=
github.com/seancfoley/ipaddress-go v1.7.1 h1:fDWryS+L8iaaH5RxIKbY0xB5Z+Zxk8xoXLN4S4eAPdQ=
github.com/seancfoley/ipaddress-go v1.7.1/go.mod h1:TQRZgv+9jdvzHmKoPGBMxyiaVmoI0rYpfEk8Q/sL/Iw=
